{
  "name": "jade-erp-demo",
  "version": "1.0.0",
  "lockfileVersion": 3,
  "requires": true,
  "packages": {
    "": {
      "name": "jade-erp-demo",
      "version": "1.0.0",
      "devDependencies": {
        "@yakuzaa/jade": "^0.1.12"
      }
    },
    "node_modules/@yakuzaa/jade": {
      "version": "0.1.12",
      "resolved": "https://registry.npmjs.org/@yakuzaa/jade/-/jade-0.1.12.tgz",
      "integrity": "sha512-Xcs7NXixQMZ97MWjjX9Pu08f7ahW8xq3Q8x0n5nZAzrmr34u8TdrJM07XDZJYf0mD0CujzIWJTO5reY3+0W8aQ==",
      "dev": true,
      "hasInstallScript": true,
      "license": "MIT",
      "dependencies": {
        "@yakuzaa/jade-compiler": "^0.1.14",
        "@yakuzaa/jade-runtime": "^0.1.8"
      },
      "bin": {
        "jade": "cli.js"
      },
      "engines": {
        "node": ">=20.0.0"
      }
    },
    "node_modules/@yakuzaa/jade-compiler": {
      "version": "0.1.14",
      "resolved": "https://registry.npmjs.org/@yakuzaa/jade-compiler/-/jade-compiler-0.1.14.tgz",
      "integrity": "sha512-p7m4sNE0rTBmLp7DTp05/WNLjpeTJXjJMVgvfMLsYSBYHRbyediKqQxl6rPuSGo2KbHB82zcoOFztiMCqLvzgQ==",
      "dev": true,
      "license": "MIT",
      "dependencies": {
        "wabt": "^1.0.39"
      },
      "bin": {
        "jadec": "dist/cli.js"
      },
      "engines": {
        "node": ">=20.0.0"
      }
    },
    "node_modules/@yakuzaa/jade-runtime": {
      "version": "0.1.8",
      "resolved": "https://registry.npmjs.org/@yakuzaa/jade-runtime/-/jade-runtime-0.1.8.tgz",
      "integrity": "sha512-MuRuL5K2O85ynoRCM1BJdl3quk1FmpMadTi7UjFe0RRM5SuVYlrvtOYXDeQcBsfjelDYzsY+XJeakjs+Un4Zbg==",
      "dev": true,
      "license": "MIT",
      "engines": {
        "node": ">=20.0.0"
      }
    },
    "node_modules/wabt": {
      "version": "1.0.39",
      "resolved": "https://registry.npmjs.org/wabt/-/wabt-1.0.39.tgz",
      "integrity": "sha512-ba+dRL/75VQQY7RkU/CgriGbkoWAfS8TDyUlJfJhJ8KhtXgMl5dhNvoPNUcQ9IWRhW8u41glMSuZeTvsYq2rRg==",
      "dev": true,
      "license": "Apache-2.0",
      "bin": {
        "wasm-decompile": "bin/wasm-decompile",
        "wasm-interp": "bin/wasm-interp",
        "wasm-objdump": "bin/wasm-objdump",
        "wasm-stats": "bin/wasm-stats",
        "wasm-strip": "bin/wasm-strip",
        "wasm-validate": "bin/wasm-validate",
        "wasm2c": "bin/wasm2c",
        "wasm2wat": "bin/wasm2wat",
        "wat2wasm": "bin/wat2wasm"
      }
    }
  }
}
